{
  "name": "funservice-fullstack",
  "version": "1.0.0",
  "lockfileVersion": 3,
  "requires": true,
  "packages": {
    "": {
      "name": "funservice-fullstack",
      "version": "1.0.0",
      "dependencies": {
        "@lottiefiles/dotlottie-react": "^0.19.4",
        "boneyard-js": "^1.8.1",
        "resend": "^6.12.4"
      }
    },
    "node_modules/@chenglou/pretext": {
      "version": "0.0.5",
      "resolved": "https://registry.npmjs.org/@chenglou/pretext/-/pretext-0.0.5.tgz",
      "integrity": "sha512-A8GZN10REdFGsyuiUgLV8jjPDDFMg5GmgxGWV0I3igxBOnzj+jgz2VMmVD7g+SFyoctfeqHFxbNatKSzVRWtRg==",
      "license": "MIT",
      "optional": true
    },
    "node_modules/@lottiefiles/dotlottie-react": {
      "version": "0.19.4",
      "resolved": "https://registry.npmjs.org/@lottiefiles/dotlottie-react/-/dotlottie-react-0.19.4.tgz",
      "integrity": "sha512-YgX1Ie0gK9MEA89Ap7Ic/lOv85sOzELV3y3RAQ4GrB79+wJ4gLga9Ge59mWzBqjlbT8bZNhNPEm+jYyV8kMYqg==",
      "license": "MIT",
      "dependencies": {
        "@lottiefiles/dotlottie-web": "0.74.0"
      },
      "engines": {
        "node": ">=18.17.0",
        "npm": ">=9.5.0"
      },
      "peerDependencies": {
        "react": "^17 || ^18 || ^19"
      }
    },
    "node_modules/@lottiefiles/dotlottie-web": {
      "version": "0.74.0",
      "resolved": "https://registry.npmjs.org/@lottiefiles/dotlottie-web/-/dotlottie-web-0.74.0.tgz",
      "integrity": "sha512-rG12+dJSVhQDdleGr9epR7zU/UJ6hh8jzBDHAurClHP5t5dSrOh3eP3UCFxolpVPcobaRVYsBnYg4HQokQewpg==",
      "license": "MIT",
      "engines": {
        "node": ">=18.17.0",
        "npm": ">=9.5.0"
      }
    },
    "node_modules/@stablelib/base64": {
      "version": "1.0.1",
      "resolved": "https://registry.npmjs.org/@stablelib/base64/-/base64-1.0.1.tgz",
      "integrity": "sha512-1bnPQqSxSuc3Ii6MhBysoWCg58j97aUjuCSZrGSmDxNqtytIi0k8utUenAwTZN4V5mXXYGsVUI9zeBqy+jBOSQ==",
      "license": "MIT"
    },
    "node_modules/boneyard-js": {
      "version": "1.8.1",
      "resolved": "https://registry.npmjs.org/boneyard-js/-/boneyard-js-1.8.1.tgz",
      "integrity": "sha512-tnffA34xFgGSKpQ6QXebalkz2g/rMRAUIh3S0OBoPTK+OgYR3QEQvD3fHGKNQDbCTjn3W7dgNfiBhZGpnqlcNg==",
      "license": "MIT",
      "dependencies": {
        "playwright": "^1.58.2"
      },
      "bin": {
        "boneyard-js": "bin/cli.js"
      },
      "optionalDependencies": {
        "@chenglou/pretext": "^0.0.5"
      },
      "peerDependencies": {
        "@angular/core": ">=14",
        "preact": ">=10",
        "react": ">=18",
        "react-native": ">=0.71",
        "svelte": ">=5.29",
        "vite": ">=5",
        "vue": ">=3"
      },
      "peerDependenciesMeta": {
        "@angular/core": {
          "optional": true
        },
        "preact": {
          "optional": true
        },
        "react": {
          "optional": true
        },
        "react-native": {
          "optional": true
        },
        "svelte": {
          "optional": true
        },
        "vite": {
          "optional": true
        },
        "vue": {
          "optional": true
        }
      }
    },
    "node_modules/fast-sha256": {
      "version": "1.3.0",
      "resolved": "https://registry.npmjs.org/fast-sha256/-/fast-sha256-1.3.0.tgz",
      "integrity": "sha512-n11RGP/lrWEFI/bWdygLxhI+pVeo1ZYIVwvvPkW7azl/rOy+F3HYRZ2K5zeE9mmkhQppyv9sQFx0JM9UabnpPQ==",
      "license": "Unlicense"
    },
    "node_modules/fsevents": {
      "version": "2.3.2",
      "resolved": "https://registry.npmjs.org/fsevents/-/fsevents-2.3.2.tgz",
      "integrity": "sha512-xiqMQR4xAeHTuB9uWm+fFRcIOgKBMiOBP+eXiyT7jsgVCq1bkVygt00oASowB7EdtpOHaaPgKt812P9ab+DDKA==",
      "hasInstallScript": true,
      "license": "MIT",
      "optional": true,
      "os": [
        "darwin"
      ],
      "engines": {
        "node": "^8.16.0 || ^10.6.0 || >=11.0.0"
      }
    },
    "node_modules/playwright": {
      "version": "1.60.0",
      "resolved": "https://registry.npmjs.org/playwright/-/playwright-1.60.0.tgz",
      "integrity": "sha512-hheHdokM8cdqCb0lcE3s+zT4t4W+vvjpGxsZlDnikarzx8tSzMebh3UiFtgqwFwnTnjYQcsyMF8ei2mCO/tpeA==",
      "license": "Apache-2.0",
      "dependencies": {
        "playwright-core": "1.60.0"
      },
      "bin": {
        "playwright": "cli.js"
      },
      "engines": {
        "node": ">=18"
      },
      "optionalDependencies": {
        "fsevents": "2.3.2"
      }
    },
    "node_modules/playwright-core": {
      "version": "1.60.0",
      "resolved": "https://registry.npmjs.org/playwright-core/-/playwright-core-1.60.0.tgz",
      "integrity": "sha512-9bW6zvX/m0lEbgTKJ6YppOKx8H3VOPBMOCFh2irXFOT4BbHgrx5hPjwJYLT40Lu+4qtD36qKc/Hn56StUW57IA==",
      "license": "Apache-2.0",
      "bin": {
        "playwright-core": "cli.js"
      },
      "engines": {
        "node": ">=18"
      }
    },
    "node_modules/postal-mime": {
      "version": "2.7.4",
      "resolved": "https://registry.npmjs.org/postal-mime/-/postal-mime-2.7.4.tgz",
      "integrity": "sha512-0WdnFQYUrPGGTFu1uOqD2s7omwua8xaeYGdO6rb88oD5yJ/4pPHDA4sdWqfD8wQVfCny563n/HQS7zTFft+f/g==",
      "license": "MIT-0"
    },
    "node_modules/react": {
      "version": "19.2.7",
      "resolved": "https://registry.npmjs.org/react/-/react-19.2.7.tgz",
      "integrity": "sha512-HNe9WslTbXmFK8o8cmwgAeJFSBvt1bPdHCVKtaaV+WlAN36mpT4hcRpwbf3fY56ar2oIXzsBpOAiIRHAdY0OlQ==",
      "license": "MIT",
      "peer": true,
      "engines": {
        "node": ">=0.10.0"
      }
    },
    "node_modules/resend": {
      "version": "6.12.4",
      "resolved": "https://registry.npmjs.org/resend/-/resend-6.12.4.tgz",
      "integrity": "sha512-lRpJ2Hxd+ht+JPDm97juRcUp9HOMuZyxaRFRFmc9Tx8iNWiei94Dx9v6SWufgKk2667C/uCeKKspMotOHSpCSg==",
      "license": "MIT",
      "dependencies": {
        "postal-mime": "2.7.4",
        "standardwebhooks": "1.0.0"
      },
      "engines": {
        "node": ">=20"
      },
      "peerDependencies": {
        "@react-email/render": "*"
      },
      "peerDependenciesMeta": {
        "@react-email/render": {
          "optional": true
        }
      }
    },
    "node_modules/standardwebhooks": {
      "version": "1.0.0",
      "resolved": "https://registry.npmjs.org/standardwebhooks/-/standardwebhooks-1.0.0.tgz",
      "integrity": "sha512-BbHGOQK9olHPMvQNHWul6MYlrRTAOKn03rOe4A8O3CLWhNf4YHBqq2HJKKC+sfqpxiBY52pNeesD6jIiLDz8jg==",
      "license": "MIT",
      "dependencies": {
        "@stablelib/base64": "^1.0.0",
        "fast-sha256": "^1.3.0"
      }
    }
  }
}
